
Microsoft Visual Studio Solution File, Format Version 12.00
# Visual Studio Version 16
VisualStudioVersion = 16.0.30523.141
MinimumVisualStudioVersion = 10.0.40219.1
Project("{9A19103F-16F7-4668-BE54-9A1E7A4F7556}") = "Dev_Blog", "Dev_Blog\Dev_Blog.csproj", "{5F81E561-52E4-4EE0-8AAA-54470BEA792B}"
EndProject
Global
	GlobalSection(SolutionConfigurationPlatforms) = preSolution
		Debug|Any CPU = Debug|Any CPU
		Release|Any CPU = Release|Any CPU
	EndGlobalSection
	GlobalSection(ProjectConfigurationPlatforms) = postSolution
		{5F81E561-52E4-4EE0-8AAA-54470BEA792B}.Debug|Any CPU.ActiveCfg = Debug|Any CPU
		{5F81E561-52E4-4EE0-8AAA-54470BEA792B}.Debug|Any CPU.Build.0 = Debug|Any CPU
		{5F81E561-52E4-4EE0-8AAA-54470BEA792B}.Release|Any CPU.ActiveCfg = Release|Any CPU
		{5F81E561-52E4-4EE0-8AAA-54470BEA792B}.Release|Any CPU.Build.0 = Release|Any CPU
	EndGlobalSection
	GlobalSection(SolutionProperties) = preSolution
		HideSolutionNode = FALSE
	EndGlobalSection
	GlobalSection(ExtensibilityGlobals) = postSolution
		SolutionGuid = {E4C0F54B-E5A9-4FDE-AF32-69934D8D6555}
	EndGlobalSection
EndGlobal
