{
  "name": "Dev-Blog",
  "lockfileVersion": 2,
  "requires": true,
  "packages": {
    "": {
      "dependencies": {
        "@fluentui/react": "^8.105.11"
      }
    },
    "node_modules/@fluentui/date-time-utilities": {
      "version": "8.5.5",
      "resolved": "https://registry.npmjs.org/@fluentui/date-time-utilities/-/date-time-utilities-8.5.5.tgz",
      "integrity": "sha512-P/qfyMIF1aWPVaZvgAE0u166Rp1Rfpymv63/NKQT1o56cc5LzfWTzjD2Ey1GyA+tn6dCf7g1ZXTpKo5H+CuM4Q==",
      "dependencies": {
        "@fluentui/set-version": "^8.2.5",
        "tslib": "^2.1.0"
      }
    },
    "node_modules/@fluentui/dom-utilities": {
      "version": "2.2.5",
      "resolved": "https://registry.npmjs.org/@fluentui/dom-utilities/-/dom-utilities-2.2.5.tgz",
      "integrity": "sha512-VGCtAmPU/3uj/QV4Kx7gO/H2vNrhNSB346sE7xM+bBtxj+hf/owaGTvN6/tuZ8HXQu8tjTf8+ubQ3d7D7DUIjA==",
      "dependencies": {
        "@fluentui/set-version": "^8.2.5",
        "tslib": "^2.1.0"
      }
    },
    "node_modules/@fluentui/font-icons-mdl2": {
      "version": "8.5.9",
      "resolved": "https://registry.npmjs.org/@fluentui/font-icons-mdl2/-/font-icons-mdl2-8.5.9.tgz",
      "integrity": "sha512-u2a45ZE7GDLOSLpKPIDykVfbZs48oLT1m12JUdz4oGTkR9bR0+l8cnQL/+rYTu0KcJp2V5F9zLyTpJdlZnV36w==",
      "dependencies": {
        "@fluentui/set-version": "^8.2.5",
        "@fluentui/style-utilities": "^8.9.2",
        "@fluentui/utilities": "^8.13.7",
        "tslib": "^2.1.0"
      }
    },
    "node_modules/@fluentui/foundation-legacy": {
      "version": "8.2.29",
      "resolved": "https://registry.npmjs.org/@fluentui/foundation-legacy/-/foundation-legacy-8.2.29.tgz",
      "integrity": "sha512-apO4PcZtU8N4zFW9fLE6aEb6JdlPyssI98MHSvCWKMiUqWSUhimvIgJ75CT3XmbKdI3bXu/miKjWSOMIHsZkiQ==",
      "dependencies": {
        "@fluentui/merge-styles": "^8.5.6",
        "@fluentui/set-version": "^8.2.5",
        "@fluentui/style-utilities": "^8.9.2",
        "@fluentui/utilities": "^8.13.7",
        "tslib": "^2.1.0"
      },
      "peerDependencies": {
        "@types/react": ">=16.8.0 <19.0.0",
        "react": ">=16.8.0 <19.0.0"
      }
    },
    "node_modules/@fluentui/keyboard-key": {
      "version": "0.4.5",
      "resolved": "https://registry.npmjs.org/@fluentui/keyboard-key/-/keyboard-key-0.4.5.tgz",
      "integrity": "sha512-c+B+mdEgj0B6fhYIjznesGi8Al1rTpdFNudpNmFoVjlhCle5qj5RBtM4WaT8XygdzAVQq7oHSXom0vd32+zAZg==",
      "dependencies": {
        "tslib": "^2.1.0"
      }
    },
    "node_modules/@fluentui/merge-styles": {
      "version": "8.5.6",
      "resolved": "https://registry.npmjs.org/@fluentui/merge-styles/-/merge-styles-8.5.6.tgz",
      "integrity": "sha512-i9Wy+7V+lKfX+UWRTrrK+3xm4aa8jl9tK2/7Ku696yWJ5v3D6xjRcMevfxUZDrZ3xS4/GRFfWKPHkAjzz/BQoQ==",
      "dependencies": {
        "@fluentui/set-version": "^8.2.5",
        "tslib": "^2.1.0"
      }
    },
    "node_modules/@fluentui/react": {
      "version": "8.105.11",
      "resolved": "https://registry.npmjs.org/@fluentui/react/-/react-8.105.11.tgz",
      "integrity": "sha512-B5g5jeIAZSca9ZYTSMkQwVGIkQisQjtF+lDbflNxvC9lHpV/fzNlRLWci2jeQlXof5/Tati5IR4+dRc91IfqKw==",
      "dependencies": {
        "@fluentui/date-time-utilities": "^8.5.5",
        "@fluentui/font-icons-mdl2": "^8.5.9",
        "@fluentui/foundation-legacy": "^8.2.29",
        "@fluentui/merge-styles": "^8.5.6",
        "@fluentui/react-focus": "^8.8.15",
        "@fluentui/react-hooks": "^8.6.17",
        "@fluentui/react-portal-compat-context": "^9.0.4",
        "@fluentui/react-window-provider": "^2.2.6",
        "@fluentui/set-version": "^8.2.5",
        "@fluentui/style-utilities": "^8.9.2",
        "@fluentui/theme": "^2.6.23",
        "@fluentui/utilities": "^8.13.7",
        "@microsoft/load-themed-styles": "^1.10.26",
        "tslib": "^2.1.0"
      },
      "peerDependencies": {
        "@types/react": ">=16.8.0 <19.0.0",
        "@types/react-dom": ">=16.8.0 <19.0.0",
        "react": ">=16.8.0 <19.0.0",
        "react-dom": ">=16.8.0 <19.0.0"
      }
    },
    "node_modules/@fluentui/react-focus": {
      "version": "8.8.15",
      "resolved": "https://registry.npmjs.org/@fluentui/react-focus/-/react-focus-8.8.15.tgz",
      "integrity": "sha512-TRYOSkQ6hQmZnfiM8k8Uw7bVAi69iguFc4V6lO90QHZ3fHQxlIHBHEmBzysYDORKMwQbtbllCtkm9ImlhsxEJw==",
      "dependencies": {
        "@fluentui/keyboard-key": "^0.4.5",
        "@fluentui/merge-styles": "^8.5.6",
        "@fluentui/set-version": "^8.2.5",
        "@fluentui/style-utilities": "^8.9.2",
        "@fluentui/utilities": "^8.13.7",
        "tslib": "^2.1.0"
      },
      "peerDependencies": {
        "@types/react": ">=16.8.0 <19.0.0",
        "react": ">=16.8.0 <19.0.0"
      }
    },
    "node_modules/@fluentui/react-hooks": {
      "version": "8.6.17",
      "resolved": "https://registry.npmjs.org/@fluentui/react-hooks/-/react-hooks-8.6.17.tgz",
      "integrity": "sha512-UdsK3YZ6Rx5fCNFfIcyJ2il8j5Ypb7OQY+0Qe2nmrn+/NKrtCeFVCIAs+i5MzjlL5wOsX27YXZwqby2DBUuSPg==",
      "dependencies": {
        "@fluentui/react-window-provider": "^2.2.6",
        "@fluentui/set-version": "^8.2.5",
        "@fluentui/utilities": "^8.13.7",
        "tslib": "^2.1.0"
      },
      "peerDependencies": {
        "@types/react": ">=16.8.0 <19.0.0",
        "react": ">=16.8.0 <19.0.0"
      }
    },
    "node_modules/@fluentui/react-portal-compat-context": {
      "version": "9.0.4",
      "resolved": "https://registry.npmjs.org/@fluentui/react-portal-compat-context/-/react-portal-compat-context-9.0.4.tgz",
      "integrity": "sha512-qw2lmkxZ2TmgC0pB2dvFyrzVffxBdpCx1BdWRaF+MRGUlTxRtqfybSx3Edsqa6NMewc3J0ThLMFdVFBQ5Yafqw==",
      "dependencies": {
        "tslib": "^2.1.0"
      },
      "peerDependencies": {
        "@types/react": ">=16.8.0 <19.0.0",
        "react": ">=16.8.0 <19.0.0"
      }
    },
    "node_modules/@fluentui/react-window-provider": {
      "version": "2.2.6",
      "resolved": "https://registry.npmjs.org/@fluentui/react-window-provider/-/react-window-provider-2.2.6.tgz",
      "integrity": "sha512-bcQM5mdi4ugVb30GNtde8sP173F+l9p7uQfgK/I8O07EfKHUHZeY4wj5arD53s1cUIQI0kxWJ5RD7upZNRQeQA==",
      "dependencies": {
        "@fluentui/set-version": "^8.2.5",
        "tslib": "^2.1.0"
      },
      "peerDependencies": {
        "@types/react": ">=16.8.0 <19.0.0",
        "react": ">=16.8.0 <19.0.0"
      }
    },
    "node_modules/@fluentui/set-version": {
      "version": "8.2.5",
      "resolved": "https://registry.npmjs.org/@fluentui/set-version/-/set-version-8.2.5.tgz",
      "integrity": "sha512-DwJq9wIXLc8WkeJ/lqYM4Sv+R0Ccb6cy3cY1Bqaa5POsroVKIfL6W+njvAMOj3LO3+DaXo2aDeiUnnw70M8xIw==",
      "dependencies": {
        "tslib": "^2.1.0"
      }
    },
    "node_modules/@fluentui/style-utilities": {
      "version": "8.9.2",
      "resolved": "https://registry.npmjs.org/@fluentui/style-utilities/-/style-utilities-8.9.2.tgz",
      "integrity": "sha512-cnP3p73+9RDE91Dy6aWHgkkBLbtv9Ct66YD6Hgr/tU3th3Z/CJU2TcJ4EN8RqiIBCiO4LU+W2jrFFZNnXTAxEw==",
      "dependencies": {
        "@fluentui/merge-styles": "^8.5.6",
        "@fluentui/set-version": "^8.2.5",
        "@fluentui/theme": "^2.6.23",
        "@fluentui/utilities": "^8.13.7",
        "@microsoft/load-themed-styles": "^1.10.26",
        "tslib": "^2.1.0"
      }
    },
    "node_modules/@fluentui/theme": {
      "version": "2.6.23",
      "resolved": "https://registry.npmjs.org/@fluentui/theme/-/theme-2.6.23.tgz",
      "integrity": "sha512-xuX3jHsIrB/LbgVwmZwiXkmCT+EY8c7b97wV2SGDpVUSsFDSQMQPZgQ3eAfXNA1ZLbgYcxBycm5f+gDxjlKA8g==",
      "dependencies": {
        "@fluentui/merge-styles": "^8.5.6",
        "@fluentui/set-version": "^8.2.5",
        "@fluentui/utilities": "^8.13.7",
        "tslib": "^2.1.0"
      },
      "peerDependencies": {
        "@types/react": ">=16.8.0 <19.0.0",
        "react": ">=16.8.0 <19.0.0"
      }
    },
    "node_modules/@fluentui/utilities": {
      "version": "8.13.7",
      "resolved": "https://registry.npmjs.org/@fluentui/utilities/-/utilities-8.13.7.tgz",
      "integrity": "sha512-whH09ttg7DGzANijSFXTF//xJNYjTrMB6TcgC7ge+5suI7VVwsh3NZc9lYN2mKKUveHEOjLgeunEhQ3neAvn5Q==",
      "dependencies": {
        "@fluentui/dom-utilities": "^2.2.5",
        "@fluentui/merge-styles": "^8.5.6",
        "@fluentui/set-version": "^8.2.5",
        "tslib": "^2.1.0"
      },
      "peerDependencies": {
        "@types/react": ">=16.8.0 <19.0.0",
        "react": ">=16.8.0 <19.0.0"
      }
    },
    "node_modules/@microsoft/load-themed-styles": {
      "version": "1.10.295",
      "resolved": "https://registry.npmjs.org/@microsoft/load-themed-styles/-/load-themed-styles-1.10.295.tgz",
      "integrity": "sha512-W+IzEBw8a6LOOfRJM02dTT7BDZijxm+Z7lhtOAz1+y9vQm1Kdz9jlAO+qCEKsfxtUOmKilW8DIRqFw2aUgKeGg=="
    },
    "node_modules/@types/prop-types": {
      "version": "15.7.5",
      "resolved": "https://registry.npmjs.org/@types/prop-types/-/prop-types-15.7.5.tgz",
      "integrity": "sha512-JCB8C6SnDoQf0cNycqd/35A7MjcnK+ZTqE7judS6o7utxUCg6imJg3QK2qzHKszlTjcj2cn+NwMB2i96ubpj7w==",
      "peer": true
    },
    "node_modules/@types/react": {
      "version": "18.0.28",
      "resolved": "https://registry.npmjs.org/@types/react/-/react-18.0.28.tgz",
      "integrity": "sha512-RD0ivG1kEztNBdoAK7lekI9M+azSnitIn85h4iOiaLjaTrMjzslhaqCGaI4IyCJ1RljWiLCEu4jyrLLgqxBTew==",
      "peer": true,
      "dependencies": {
        "@types/prop-types": "*",
        "@types/scheduler": "*",
        "csstype": "^3.0.2"
      }
    },
    "node_modules/@types/react-dom": {
      "version": "18.0.11",
      "resolved": "https://registry.npmjs.org/@types/react-dom/-/react-dom-18.0.11.tgz",
      "integrity": "sha512-O38bPbI2CWtgw/OoQoY+BRelw7uysmXbWvw3nLWO21H1HSh+GOlqPuXshJfjmpNlKiiSDG9cc1JZAaMmVdcTlw==",
      "peer": true,
      "dependencies": {
        "@types/react": "*"
      }
    },
    "node_modules/@types/scheduler": {
      "version": "0.16.2",
      "resolved": "https://registry.npmjs.org/@types/scheduler/-/scheduler-0.16.2.tgz",
      "integrity": "sha512-hppQEBDmlwhFAXKJX2KnWLYu5yMfi91yazPb2l+lbJiwW+wdo1gNeRA+3RgNSO39WYX2euey41KEwnqesU2Jew==",
      "peer": true
    },
    "node_modules/csstype": {
      "version": "3.1.1",
      "resolved": "https://registry.npmjs.org/csstype/-/csstype-3.1.1.tgz",
      "integrity": "sha512-DJR/VvkAvSZW9bTouZue2sSxDwdTN92uHjqeKVm+0dAqdfNykRzQ95tay8aXMBAAPpUiq4Qcug2L7neoRh2Egw==",
      "peer": true
    },
    "node_modules/js-tokens": {
      "version": "4.0.0",
      "resolved": "https://registry.npmjs.org/js-tokens/-/js-tokens-4.0.0.tgz",
      "integrity": "sha512-RdJUflcE3cUzKiMqQgsCu06FPu9UdIJO0beYbPhHN4k6apgJtifcoCtT9bcxOpYBtpD2kCM6Sbzg4CausW/PKQ==",
      "peer": true
    },
    "node_modules/loose-envify": {
      "version": "1.4.0",
      "resolved": "https://registry.npmjs.org/loose-envify/-/loose-envify-1.4.0.tgz",
      "integrity": "sha512-lyuxPGr/Wfhrlem2CL/UcnUc1zcqKAImBDzukY7Y5F/yQiNdko6+fRLevlw1HgMySw7f611UIY408EtxRSoK3Q==",
      "peer": true,
      "dependencies": {
        "js-tokens": "^3.0.0 || ^4.0.0"
      },
      "bin": {
        "loose-envify": "cli.js"
      }
    },
    "node_modules/react": {
      "version": "18.2.0",
      "resolved": "https://registry.npmjs.org/react/-/react-18.2.0.tgz",
      "integrity": "sha512-/3IjMdb2L9QbBdWiW5e3P2/npwMBaU9mHCSCUzNln0ZCYbcfTsGbTJrU/kGemdH2IWmB2ioZ+zkxtmq6g09fGQ==",
      "peer": true,
      "dependencies": {
        "loose-envify": "^1.1.0"
      },
      "engines": {
        "node": ">=0.10.0"
      }
    },
    "node_modules/react-dom": {
      "version": "18.2.0",
      "resolved": "https://registry.npmjs.org/react-dom/-/react-dom-18.2.0.tgz",
      "integrity": "sha512-6IMTriUmvsjHUjNtEDudZfuDQUoWXVxKHhlEGSk81n4YFS+r/Kl99wXiwlVXtPBtJenozv2P+hxDsw9eA7Xo6g==",
      "peer": true,
      "dependencies": {
        "loose-envify": "^1.1.0",
        "scheduler": "^0.23.0"
      },
      "peerDependencies": {
        "react": "^18.2.0"
      }
    },
    "node_modules/scheduler": {
      "version": "0.23.0",
      "resolved": "https://registry.npmjs.org/scheduler/-/scheduler-0.23.0.tgz",
      "integrity": "sha512-CtuThmgHNg7zIZWAXi3AsyIzA3n4xx7aNyjwC2VJldO2LMVDhFK+63xGqq6CsJH4rTAt6/M+N4GhZiDYPx9eUw==",
      "peer": true,
      "dependencies": {
        "loose-envify": "^1.1.0"
      }
    },
    "node_modules/tslib": {
      "version": "2.5.0",
      "resolved": "https://registry.npmjs.org/tslib/-/tslib-2.5.0.tgz",
      "integrity": "sha512-336iVw3rtn2BUK7ORdIAHTyxHGRIHVReokCR3XjbckJMK7ms8FysBfhLR8IXnAgy7T0PTPNBWKiH514FOW/WSg=="
    }
  },
  "dependencies": {
    "@fluentui/date-time-utilities": {
      "version": "8.5.5",
      "resolved": "https://registry.npmjs.org/@fluentui/date-time-utilities/-/date-time-utilities-8.5.5.tgz",
      "integrity": "sha512-P/qfyMIF1aWPVaZvgAE0u166Rp1Rfpymv63/NKQT1o56cc5LzfWTzjD2Ey1GyA+tn6dCf7g1ZXTpKo5H+CuM4Q==",
      "requires": {
        "@fluentui/set-version": "^8.2.5",
        "tslib": "^2.1.0"
      }
    },
    "@fluentui/dom-utilities": {
      "version": "2.2.5",
      "resolved": "https://registry.npmjs.org/@fluentui/dom-utilities/-/dom-utilities-2.2.5.tgz",
      "integrity": "sha512-VGCtAmPU/3uj/QV4Kx7gO/H2vNrhNSB346sE7xM+bBtxj+hf/owaGTvN6/tuZ8HXQu8tjTf8+ubQ3d7D7DUIjA==",
      "requires": {
        "@fluentui/set-version": "^8.2.5",
        "tslib": "^2.1.0"
      }
    },
    "@fluentui/font-icons-mdl2": {
      "version": "8.5.9",
      "resolved": "https://registry.npmjs.org/@fluentui/font-icons-mdl2/-/font-icons-mdl2-8.5.9.tgz",
      "integrity": "sha512-u2a45ZE7GDLOSLpKPIDykVfbZs48oLT1m12JUdz4oGTkR9bR0+l8cnQL/+rYTu0KcJp2V5F9zLyTpJdlZnV36w==",
      "requires": {
        "@fluentui/set-version": "^8.2.5",
        "@fluentui/style-utilities": "^8.9.2",
        "@fluentui/utilities": "^8.13.7",
        "tslib": "^2.1.0"
      }
    },
    "@fluentui/foundation-legacy": {
      "version": "8.2.29",
      "resolved": "https://registry.npmjs.org/@fluentui/foundation-legacy/-/foundation-legacy-8.2.29.tgz",
      "integrity": "sha512-apO4PcZtU8N4zFW9fLE6aEb6JdlPyssI98MHSvCWKMiUqWSUhimvIgJ75CT3XmbKdI3bXu/miKjWSOMIHsZkiQ==",
      "requires": {
        "@fluentui/merge-styles": "^8.5.6",
        "@fluentui/set-version": "^8.2.5",
        "@fluentui/style-utilities": "^8.9.2",
        "@fluentui/utilities": "^8.13.7",
        "tslib": "^2.1.0"
      }
    },
    "@fluentui/keyboard-key": {
      "version": "0.4.5",
      "resolved": "https://registry.npmjs.org/@fluentui/keyboard-key/-/keyboard-key-0.4.5.tgz",
      "integrity": "sha512-c+B+mdEgj0B6fhYIjznesGi8Al1rTpdFNudpNmFoVjlhCle5qj5RBtM4WaT8XygdzAVQq7oHSXom0vd32+zAZg==",
      "requires": {
        "tslib": "^2.1.0"
      }
    },
    "@fluentui/merge-styles": {
      "version": "8.5.6",
      "resolved": "https://registry.npmjs.org/@fluentui/merge-styles/-/merge-styles-8.5.6.tgz",
      "integrity": "sha512-i9Wy+7V+lKfX+UWRTrrK+3xm4aa8jl9tK2/7Ku696yWJ5v3D6xjRcMevfxUZDrZ3xS4/GRFfWKPHkAjzz/BQoQ==",
      "requires": {
        "@fluentui/set-version": "^8.2.5",
        "tslib": "^2.1.0"
      }
    },
    "@fluentui/react": {
      "version": "8.105.11",
      "resolved": "https://registry.npmjs.org/@fluentui/react/-/react-8.105.11.tgz",
      "integrity": "sha512-B5g5jeIAZSca9ZYTSMkQwVGIkQisQjtF+lDbflNxvC9lHpV/fzNlRLWci2jeQlXof5/Tati5IR4+dRc91IfqKw==",
      "requires": {
        "@fluentui/date-time-utilities": "^8.5.5",
        "@fluentui/font-icons-mdl2": "^8.5.9",
        "@fluentui/foundation-legacy": "^8.2.29",
        "@fluentui/merge-styles": "^8.5.6",
        "@fluentui/react-focus": "^8.8.15",
        "@fluentui/react-hooks": "^8.6.17",
        "@fluentui/react-portal-compat-context": "^9.0.4",
        "@fluentui/react-window-provider": "^2.2.6",
        "@fluentui/set-version": "^8.2.5",
        "@fluentui/style-utilities": "^8.9.2",
        "@fluentui/theme": "^2.6.23",
        "@fluentui/utilities": "^8.13.7",
        "@microsoft/load-themed-styles": "^1.10.26",
        "tslib": "^2.1.0"
      }
    },
    "@fluentui/react-focus": {
      "version": "8.8.15",
      "resolved": "https://registry.npmjs.org/@fluentui/react-focus/-/react-focus-8.8.15.tgz",
      "integrity": "sha512-TRYOSkQ6hQmZnfiM8k8Uw7bVAi69iguFc4V6lO90QHZ3fHQxlIHBHEmBzysYDORKMwQbtbllCtkm9ImlhsxEJw==",
      "requires": {
        "@fluentui/keyboard-key": "^0.4.5",
        "@fluentui/merge-styles": "^8.5.6",
        "@fluentui/set-version": "^8.2.5",
        "@fluentui/style-utilities": "^8.9.2",
        "@fluentui/utilities": "^8.13.7",
        "tslib": "^2.1.0"
      }
    },
    "@fluentui/react-hooks": {
      "version": "8.6.17",
      "resolved": "https://registry.npmjs.org/@fluentui/react-hooks/-/react-hooks-8.6.17.tgz",
      "integrity": "sha512-UdsK3YZ6Rx5fCNFfIcyJ2il8j5Ypb7OQY+0Qe2nmrn+/NKrtCeFVCIAs+i5MzjlL5wOsX27YXZwqby2DBUuSPg==",
      "requires": {
        "@fluentui/react-window-provider": "^2.2.6",
        "@fluentui/set-version": "^8.2.5",
        "@fluentui/utilities": "^8.13.7",
        "tslib": "^2.1.0"
      }
    },
    "@fluentui/react-portal-compat-context": {
      "version": "9.0.4",
      "resolved": "https://registry.npmjs.org/@fluentui/react-portal-compat-context/-/react-portal-compat-context-9.0.4.tgz",
      "integrity": "sha512-qw2lmkxZ2TmgC0pB2dvFyrzVffxBdpCx1BdWRaF+MRGUlTxRtqfybSx3Edsqa6NMewc3J0ThLMFdVFBQ5Yafqw==",
      "requires": {
        "tslib": "^2.1.0"
      }
    },
    "@fluentui/react-window-provider": {
      "version": "2.2.6",
      "resolved": "https://registry.npmjs.org/@fluentui/react-window-provider/-/react-window-provider-2.2.6.tgz",
      "integrity": "sha512-bcQM5mdi4ugVb30GNtde8sP173F+l9p7uQfgK/I8O07EfKHUHZeY4wj5arD53s1cUIQI0kxWJ5RD7upZNRQeQA==",
      "requires": {
        "@fluentui/set-version": "^8.2.5",
        "tslib": "^2.1.0"
      }
    },
    "@fluentui/set-version": {
      "version": "8.2.5",
      "resolved": "https://registry.npmjs.org/@fluentui/set-version/-/set-version-8.2.5.tgz",
      "integrity": "sha512-DwJq9wIXLc8WkeJ/lqYM4Sv+R0Ccb6cy3cY1Bqaa5POsroVKIfL6W+njvAMOj3LO3+DaXo2aDeiUnnw70M8xIw==",
      "requires": {
        "tslib": "^2.1.0"
      }
    },
    "@fluentui/style-utilities": {
      "version": "8.9.2",
      "resolved": "https://registry.npmjs.org/@fluentui/style-utilities/-/style-utilities-8.9.2.tgz",
      "integrity": "sha512-cnP3p73+9RDE91Dy6aWHgkkBLbtv9Ct66YD6Hgr/tU3th3Z/CJU2TcJ4EN8RqiIBCiO4LU+W2jrFFZNnXTAxEw==",
      "requires": {
        "@fluentui/merge-styles": "^8.5.6",
        "@fluentui/set-version": "^8.2.5",
        "@fluentui/theme": "^2.6.23",
        "@fluentui/utilities": "^8.13.7",
        "@microsoft/load-themed-styles": "^1.10.26",
        "tslib": "^2.1.0"
      }
    },
    "@fluentui/theme": {
      "version": "2.6.23",
      "resolved": "https://registry.npmjs.org/@fluentui/theme/-/theme-2.6.23.tgz",
      "integrity": "sha512-xuX3jHsIrB/LbgVwmZwiXkmCT+EY8c7b97wV2SGDpVUSsFDSQMQPZgQ3eAfXNA1ZLbgYcxBycm5f+gDxjlKA8g==",
      "requires": {
        "@fluentui/merge-styles": "^8.5.6",
        "@fluentui/set-version": "^8.2.5",
        "@fluentui/utilities": "^8.13.7",
        "tslib": "^2.1.0"
      }
    },
    "@fluentui/utilities": {
      "version": "8.13.7",
      "resolved": "https://registry.npmjs.org/@fluentui/utilities/-/utilities-8.13.7.tgz",
      "integrity": "sha512-whH09ttg7DGzANijSFXTF//xJNYjTrMB6TcgC7ge+5suI7VVwsh3NZc9lYN2mKKUveHEOjLgeunEhQ3neAvn5Q==",
      "requires": {
        "@fluentui/dom-utilities": "^2.2.5",
        "@fluentui/merge-styles": "^8.5.6",
        "@fluentui/set-version": "^8.2.5",
        "tslib": "^2.1.0"
      }
    },
    "@microsoft/load-themed-styles": {
      "version": "1.10.295",
      "resolved": "https://registry.npmjs.org/@microsoft/load-themed-styles/-/load-themed-styles-1.10.295.tgz",
      "integrity": "sha512-W+IzEBw8a6LOOfRJM02dTT7BDZijxm+Z7lhtOAz1+y9vQm1Kdz9jlAO+qCEKsfxtUOmKilW8DIRqFw2aUgKeGg=="
    },
    "@types/prop-types": {
      "version": "15.7.5",
      "resolved": "https://registry.npmjs.org/@types/prop-types/-/prop-types-15.7.5.tgz",
      "integrity": "sha512-JCB8C6SnDoQf0cNycqd/35A7MjcnK+ZTqE7judS6o7utxUCg6imJg3QK2qzHKszlTjcj2cn+NwMB2i96ubpj7w==",
      "peer": true
    },
    "@types/react": {
      "version": "18.0.28",
      "resolved": "https://registry.npmjs.org/@types/react/-/react-18.0.28.tgz",
      "integrity": "sha512-RD0ivG1kEztNBdoAK7lekI9M+azSnitIn85h4iOiaLjaTrMjzslhaqCGaI4IyCJ1RljWiLCEu4jyrLLgqxBTew==",
      "peer": true,
      "requires": {
        "@types/prop-types": "*",
        "@types/scheduler": "*",
        "csstype": "^3.0.2"
      }
    },
    "@types/react-dom": {
      "version": "18.0.11",
      "resolved": "https://registry.npmjs.org/@types/react-dom/-/react-dom-18.0.11.tgz",
      "integrity": "sha512-O38bPbI2CWtgw/OoQoY+BRelw7uysmXbWvw3nLWO21H1HSh+GOlqPuXshJfjmpNlKiiSDG9cc1JZAaMmVdcTlw==",
      "peer": true,
      "requires": {
        "@types/react": "*"
      }
    },
    "@types/scheduler": {
      "version": "0.16.2",
      "resolved": "https://registry.npmjs.org/@types/scheduler/-/scheduler-0.16.2.tgz",
      "integrity": "sha512-hppQEBDmlwhFAXKJX2KnWLYu5yMfi91yazPb2l+lbJiwW+wdo1gNeRA+3RgNSO39WYX2euey41KEwnqesU2Jew==",
      "peer": true
    },
    "csstype": {
      "version": "3.1.1",
      "resolved": "https://registry.npmjs.org/csstype/-/csstype-3.1.1.tgz",
      "integrity": "sha512-DJR/VvkAvSZW9bTouZue2sSxDwdTN92uHjqeKVm+0dAqdfNykRzQ95tay8aXMBAAPpUiq4Qcug2L7neoRh2Egw==",
      "peer": true
    },
    "js-tokens": {
      "version": "4.0.0",
      "resolved": "https://registry.npmjs.org/js-tokens/-/js-tokens-4.0.0.tgz",
      "integrity": "sha512-RdJUflcE3cUzKiMqQgsCu06FPu9UdIJO0beYbPhHN4k6apgJtifcoCtT9bcxOpYBtpD2kCM6Sbzg4CausW/PKQ==",
      "peer": true
    },
    "loose-envify": {
      "version": "1.4.0",
      "resolved": "https://registry.npmjs.org/loose-envify/-/loose-envify-1.4.0.tgz",
      "integrity": "sha512-lyuxPGr/Wfhrlem2CL/UcnUc1zcqKAImBDzukY7Y5F/yQiNdko6+fRLevlw1HgMySw7f611UIY408EtxRSoK3Q==",
      "peer": true,
      "requires": {
        "js-tokens": "^3.0.0 || ^4.0.0"
      }
    },
    "react": {
      "version": "18.2.0",
      "resolved": "https://registry.npmjs.org/react/-/react-18.2.0.tgz",
      "integrity": "sha512-/3IjMdb2L9QbBdWiW5e3P2/npwMBaU9mHCSCUzNln0ZCYbcfTsGbTJrU/kGemdH2IWmB2ioZ+zkxtmq6g09fGQ==",
      "peer": true,
      "requires": {
        "loose-envify": "^1.1.0"
      }
    },
    "react-dom": {
      "version": "18.2.0",
      "resolved": "https://registry.npmjs.org/react-dom/-/react-dom-18.2.0.tgz",
      "integrity": "sha512-6IMTriUmvsjHUjNtEDudZfuDQUoWXVxKHhlEGSk81n4YFS+r/Kl99wXiwlVXtPBtJenozv2P+hxDsw9eA7Xo6g==",
      "peer": true,
      "requires": {
        "loose-envify": "^1.1.0",
        "scheduler": "^0.23.0"
      }
    },
    "scheduler": {
      "version": "0.23.0",
      "resolved": "https://registry.npmjs.org/scheduler/-/scheduler-0.23.0.tgz",
      "integrity": "sha512-CtuThmgHNg7zIZWAXi3AsyIzA3n4xx7aNyjwC2VJldO2LMVDhFK+63xGqq6CsJH4rTAt6/M+N4GhZiDYPx9eUw==",
      "peer": true,
      "requires": {
        "loose-envify": "^1.1.0"
      }
    },
    "tslib": {
      "version": "2.5.0",
      "resolved": "https://registry.npmjs.org/tslib/-/tslib-2.5.0.tgz",
      "integrity": "sha512-336iVw3rtn2BUK7ORdIAHTyxHGRIHVReokCR3XjbckJMK7ms8FysBfhLR8IXnAgy7T0PTPNBWKiH514FOW/WSg=="
    }
  }
}
